// !$*UTF8*$!
{
	archiveVersion = 1;
	classes = {
	};
	objectVersion = 56;
	objects = {

/* Begin PBXBuildFile section */
		DE0F90872BF51FAA000F962A /* CookieCollection.swift in Sources */ = {isa = PBXBuildFile; fileRef = DE0F90862BF51FAA000F962A /* CookieCollection.swift */; };
		DE27ACAA2C05116100387E27 /* PixPopUp.swift in Sources */ = {isa = PBXBuildFile; fileRef = DE27ACA92C05116100387E27 /* PixPopUp.swift */; };
		DE27ACB02C0549B500387E27 /* DonePopUp.swift in Sources */ = {isa = PBXBuildFile; fileRef = DE27ACAF2C0549B500387E27 /* DonePopUp.swift */; };
		DE91CE8F2BFEE6DD0045D369 /* PopUpModel.swift in Sources */ = {isa = PBXBuildFile; fileRef = DE91CE8E2BFEE6DD0045D369 /* PopUpModel.swift */; };
		DE91CE912BFEEE2E0045D369 /* CartCard.swift in Sources */ = {isa = PBXBuildFile; fileRef = DE91CE902BFEEE2E0045D369 /* CartCard.swift */; };
		DE93DF4F2BFE6C5A00F0E63C /* RoundButton.swift in Sources */ = {isa = PBXBuildFile; fileRef = DE93DF4E2BFE6C5A00F0E63C /* RoundButton.swift */; };
		DE93DF532BFE872500F0E63C /* DetailViewController.swift in Sources */ = {isa = PBXBuildFile; fileRef = DE93DF522BFE872500F0E63C /* DetailViewController.swift */; };
		DE93DF552BFEBAE000F0E63C /* FavoriteCollection.swift in Sources */ = {isa = PBXBuildFile; fileRef = DE93DF542BFEBAE000F0E63C /* FavoriteCollection.swift */; };
		DE93DF572BFEBCA500F0E63C /* CartPopUp.swift in Sources */ = {isa = PBXBuildFile; fileRef = DE93DF562BFEBCA500F0E63C /* CartPopUp.swift */; };
		DE9EBA4C2C042B1A00C8C648 /* CartCardCollection.swift in Sources */ = {isa = PBXBuildFile; fileRef = DE9EBA4B2C042B1A00C8C648 /* CartCardCollection.swift */; };
		DEB721162BFBC5CE003E7150 /* CookiePopUp.swift in Sources */ = {isa = PBXBuildFile; fileRef = DEB721152BFBC5CE003E7150 /* CookiePopUp.swift */; };
		DEB721182BFBE995003E7150 /* MainButtons.swift in Sources */ = {isa = PBXBuildFile; fileRef = DEB721172BFBE995003E7150 /* MainButtons.swift */; };
		DECD81912BFD335F0039B81E /* teste.swift in Sources */ = {isa = PBXBuildFile; fileRef = DECD81902BFD335F0039B81E /* teste.swift */; };
		DED62BF12BF3E0CC005AE51B /* AppDelegate.swift in Sources */ = {isa = PBXBuildFile; fileRef = DED62BF02BF3E0CC005AE51B /* AppDelegate.swift */; };
		DED62BF32BF3E0CC005AE51B /* SceneDelegate.swift in Sources */ = {isa = PBXBuildFile; fileRef = DED62BF22BF3E0CC005AE51B /* SceneDelegate.swift */; };
		DED62BF52BF3E0CC005AE51B /* HomeViewController.swift in Sources */ = {isa = PBXBuildFile; fileRef = DED62BF42BF3E0CC005AE51B /* HomeViewController.swift */; };
		DED62BFA2BF3E0CD005AE51B /* Assets.xcassets in Resources */ = {isa = PBXBuildFile; fileRef = DED62BF92BF3E0CD005AE51B /* Assets.xcassets */; };
		DED62BFD2BF3E0CD005AE51B /* Base in Resources */ = {isa = PBXBuildFile; fileRef = DED62BFC2BF3E0CD005AE51B /* Base */; };
		DED62C072BF40156005AE51B /* UserModel .swift in Sources */ = {isa = PBXBuildFile; fileRef = DED62C062BF40156005AE51B /* UserModel .swift */; };
		DED62C0D2BF40226005AE51B /* OrderModel.swift in Sources */ = {isa = PBXBuildFile; fileRef = DED62C0C2BF40226005AE51B /* OrderModel.swift */; };
		DED62C0F2BF40541005AE51B /* CookieModel.swift in Sources */ = {isa = PBXBuildFile; fileRef = DED62C0E2BF40541005AE51B /* CookieModel.swift */; };
		DED62C112BF405AD005AE51B /* ForeachExemple.swift in Sources */ = {isa = PBXBuildFile; fileRef = DED62C102BF405AD005AE51B /* ForeachExemple.swift */; };
/* End PBXBuildFile section */

/* Begin PBXFileReference section */
		DE0F90862BF51FAA000F962A /* CookieCollection.swift */ = {isa = PBXFileReference; lastKnownFileType = sourcecode.swift; path = CookieCollection.swift; sourceTree = "<group>"; };
		DE27ACA92C05116100387E27 /* PixPopUp.swift */ = {isa = PBXFileReference; lastKnownFileType = sourcecode.swift; path = PixPopUp.swift; sourceTree = "<group>"; };
		DE27ACAF2C0549B500387E27 /* DonePopUp.swift */ = {isa = PBXFileReference; lastKnownFileType = sourcecode.swift; path = DonePopUp.swift; sourceTree = "<group>"; };
		DE91CE8E2BFEE6DD0045D369 /* PopUpModel.swift */ = {isa = PBXFileReference; lastKnownFileType = sourcecode.swift; path = PopUpModel.swift; sourceTree = "<group>"; };
		DE91CE902BFEEE2E0045D369 /* CartCard.swift */ = {isa = PBXFileReference; lastKnownFileType = sourcecode.swift; path = CartCard.swift; sourceTree = "<group>"; };
		DE93DF4E2BFE6C5A00F0E63C /* RoundButton.swift */ = {isa = PBXFileReference; lastKnownFileType = sourcecode.swift; path = RoundButton.swift; sourceTree = "<group>"; };
		DE93DF522BFE872500F0E63C /* DetailViewController.swift */ = {isa = PBXFileReference; lastKnownFileType = sourcecode.swift; path = DetailViewController.swift; sourceTree = "<group>"; };
		DE93DF542BFEBAE000F0E63C /* FavoriteCollection.swift */ = {isa = PBXFileReference; lastKnownFileType = sourcecode.swift; path = FavoriteCollection.swift; sourceTree = "<group>"; };
		DE93DF562BFEBCA500F0E63C /* CartPopUp.swift */ = {isa = PBXFileReference; lastKnownFileType = sourcecode.swift; path = CartPopUp.swift; sourceTree = "<group>"; };
		DE9EBA4B2C042B1A00C8C648 /* CartCardCollection.swift */ = {isa = PBXFileReference; lastKnownFileType = sourcecode.swift; path = CartCardCollection.swift; sourceTree = "<group>"; };
		DEB721152BFBC5CE003E7150 /* CookiePopUp.swift */ = {isa = PBXFileReference; lastKnownFileType = sourcecode.swift; path = CookiePopUp.swift; sourceTree = "<group>"; };
		DEB721172BFBE995003E7150 /* MainButtons.swift */ = {isa = PBXFileReference; lastKnownFileType = sourcecode.swift; path = MainButtons.swift; sourceTree = "<group>"; };
		DECD81902BFD335F0039B81E /* teste.swift */ = {isa = PBXFileReference; lastKnownFileType = sourcecode.swift; path = teste.swift; sourceTree = "<group>"; };
		DED62BED2BF3E0CC005AE51B /* CookieByte.app */ = {isa = PBXFileReference; explicitFileType = wrapper.application; includeInIndex = 0; path = CookieByte.app; sourceTree = BUILT_PRODUCTS_DIR; };
		DED62BF02BF3E0CC005AE51B /* AppDelegate.swift */ = {isa = PBXFileReference; lastKnownFileType = sourcecode.swift; path = AppDelegate.swift; sourceTree = "<group>"; };
		DED62BF22BF3E0CC005AE51B /* SceneDelegate.swift */ = {isa = PBXFileReference; lastKnownFileType = sourcecode.swift; path = SceneDelegate.swift; sourceTree = "<group>"; };
		DED62BF42BF3E0CC005AE51B /* HomeViewController.swift */ = {isa = PBXFileReference; lastKnownFileType = sourcecode.swift; path = HomeViewController.swift; sourceTree = "<group>"; };
		DED62BF92BF3E0CD005AE51B /* Assets.xcassets */ = {isa = PBXFileReference; lastKnownFileType = folder.assetcatalog; path = Assets.xcassets; sourceTree = "<group>"; };
		DED62BFC2BF3E0CD005AE51B /* Base */ = {isa = PBXFileReference; lastKnownFileType = file.storyboard; name = Base; path = Base.lproj/LaunchScreen.storyboard; sourceTree = "<group>"; };
		DED62BFE2BF3E0CD005AE51B /* Info.plist */ = {isa = PBXFileReference; lastKnownFileType = text.plist.xml; path = Info.plist; sourceTree = "<group>"; };
		DED62C062BF40156005AE51B /* UserModel .swift */ = {isa = PBXFileReference; lastKnownFileType = sourcecode.swift; path = "UserModel .swift"; sourceTree = "<group>"; };
		DED62C0C2BF40226005AE51B /* OrderModel.swift */ = {isa = PBXFileReference; lastKnownFileType = sourcecode.swift; path = OrderModel.swift; sourceTree = "<group>"; };
		DED62C0E2BF40541005AE51B /* CookieModel.swift */ = {isa = PBXFileReference; lastKnownFileType = sourcecode.swift; path = CookieModel.swift; sourceTree = "<group>"; };
		DED62C102BF405AD005AE51B /* ForeachExemple.swift */ = {isa = PBXFileReference; lastKnownFileType = sourcecode.swift; path = ForeachExemple.swift; sourceTree = "<group>"; };
/* End PBXFileReference section */

/* Begin PBXFrameworksBuildPhase section */
		DED62BEA2BF3E0CC005AE51B /* Frameworks */ = {
			isa = PBXFrameworksBuildPhase;
			buildActionMask = 2147483647;
			files = (
			);
			runOnlyForDeploymentPostprocessing = 0;
		};
/* End PBXFrameworksBuildPhase section */

/* Begin PBXGroup section */
		DE0F90852BF51F81000F962A /* Components */ = {
			isa = PBXGroup;
			children = (
				DE0F90862BF51FAA000F962A /* CookieCollection.swift */,
				DE9EBA4B2C042B1A00C8C648 /* CartCardCollection.swift */,
				DE91CE902BFEEE2E0045D369 /* CartCard.swift */,
				DE93DF542BFEBAE000F0E63C /* FavoriteCollection.swift */,
				DEB721172BFBE995003E7150 /* MainButtons.swift */,
				DE93DF4E2BFE6C5A00F0E63C /* RoundButton.swift */,
				DECD81902BFD335F0039B81E /* teste.swift */,
			);
			path = Components;
			sourceTree = "<group>";
		};
		DE4D6DEB2C0100F600F0ECFC /* PopUps */ = {
			isa = PBXGroup;
			children = (
				DE91CE8E2BFEE6DD0045D369 /* PopUpModel.swift */,
				DE27ACAF2C0549B500387E27 /* DonePopUp.swift */,
				DEB721152BFBC5CE003E7150 /* CookiePopUp.swift */,
				DE27ACA92C05116100387E27 /* PixPopUp.swift */,
				DE93DF562BFEBCA500F0E63C /* CartPopUp.swift */,
			);
			path = PopUps;
			sourceTree = "<group>";
		};
		DED62BE42BF3E0CB005AE51B = {
			isa = PBXGroup;
			children = (
				DE93DF522BFE872500F0E63C /* DetailViewController.swift */,
				DED62BEF2BF3E0CC005AE51B /* CookieByte */,
				DED62BEE2BF3E0CC005AE51B /* Products */,
			);
			sourceTree = "<group>";
		};
		DED62BEE2BF3E0CC005AE51B /* Products */ = {
			isa = PBXGroup;
			children = (
				DED62BED2BF3E0CC005AE51B /* CookieByte.app */,
			);
			name = Products;
			sourceTree = "<group>";
		};
		DED62BEF2BF3E0CC005AE51B /* CookieByte */ = {
			isa = PBXGroup;
			children = (
				DED62BF02BF3E0CC005AE51B /* AppDelegate.swift */,
				DED62BF22BF3E0CC005AE51B /* SceneDelegate.swift */,
				DED62C0A2BF40175005AE51B /* Model */,
				DED62BF42BF3E0CC005AE51B /* HomeViewController.swift */,
				DED62C102BF405AD005AE51B /* ForeachExemple.swift */,
				DE4D6DEB2C0100F600F0ECFC /* PopUps */,
				DE0F90852BF51F81000F962A /* Components */,
				DED62BF92BF3E0CD005AE51B /* Assets.xcassets */,
				DED62BFB2BF3E0CD005AE51B /* LaunchScreen.storyboard */,
				DED62BFE2BF3E0CD005AE51B /* Info.plist */,
			);
			path = CookieByte;
			sourceTree = "<group>";
		};
		DED62C0A2BF40175005AE51B /* Model */ = {
			isa = PBXGroup;
			children = (
				DED62C062BF40156005AE51B /* UserModel .swift */,
				DED62C0C2BF40226005AE51B /* OrderModel.swift */,
				DED62C0E2BF40541005AE51B /* CookieModel.swift */,
			);
			path = Model;
			sourceTree = "<group>";
		};
/* End PBXGroup section */

/* Begin PBXNativeTarget section */
		DED62BEC2BF3E0CC005AE51B /* CookieByte */ = {
			isa = PBXNativeTarget;
			buildConfigurationList = DED62C012BF3E0CD005AE51B /* Build configuration list for PBXNativeTarget "CookieByte" */;
			buildPhases = (
				DED62BE92BF3E0CC005AE51B /* Sources */,
				DED62BEA2BF3E0CC005AE51B /* Frameworks */,
				DED62BEB2BF3E0CC005AE51B /* Resources */,
			);
			buildRules = (
			);
			dependencies = (
			);
			name = CookieByte;
			productName = CookieByte;
			productReference = DED62BED2BF3E0CC005AE51B /* CookieByte.app */;
			productType = "com.apple.product-type.application";
		};
/* End PBXNativeTarget section */

/* Begin PBXProject section */
		DED62BE52BF3E0CB005AE51B /* Project object */ = {
			isa = PBXProject;
			attributes = {
				BuildIndependentTargetsInParallel = 1;
				LastSwiftUpdateCheck = 1540;
				LastUpgradeCheck = 1540;
				TargetAttributes = {
					DED62BEC2BF3E0CC005AE51B = {
						CreatedOnToolsVersion = 15.4;
					};
				};
			};
			buildConfigurationList = DED62BE82BF3E0CB005AE51B /* Build configuration list for PBXProject "CookieByte" */;
			compatibilityVersion = "Xcode 14.0";
			developmentRegion = en;
			hasScannedForEncodings = 0;
			knownRegions = (
				en,
				Base,
			);
			mainGroup = DED62BE42BF3E0CB005AE51B;
			productRefGroup = DED62BEE2BF3E0CC005AE51B /* Products */;
			projectDirPath = "";
			projectRoot = "";
			targets = (
				DED62BEC2BF3E0CC005AE51B /* CookieByte */,
			);
		};
/* End PBXProject section */

/* Begin PBXResourcesBuildPhase section */
		DED62BEB2BF3E0CC005AE51B /* Resources */ = {
			isa = PBXResourcesBuildPhase;
			buildActionMask = 2147483647;
			files = (
				DED62BFA2BF3E0CD005AE51B /* Assets.xcassets in Resources */,
				DED62BFD2BF3E0CD005AE51B /* Base in Resources */,
			);
			runOnlyForDeploymentPostprocessing = 0;
		};
/* End PBXResourcesBuildPhase section */

/* Begin PBXSourcesBuildPhase section */
		DED62BE92BF3E0CC005AE51B /* Sources */ = {
			isa = PBXSourcesBuildPhase;
			buildActionMask = 2147483647;
			files = (
				DE91CE8F2BFEE6DD0045D369 /* PopUpModel.swift in Sources */,
				DEB721162BFBC5CE003E7150 /* CookiePopUp.swift in Sources */,
				DED62BF52BF3E0CC005AE51B /* HomeViewController.swift in Sources */,
				DED62BF12BF3E0CC005AE51B /* AppDelegate.swift in Sources */,
				DED62C0D2BF40226005AE51B /* OrderModel.swift in Sources */,
				DE93DF572BFEBCA500F0E63C /* CartPopUp.swift in Sources */,
				DED62C112BF405AD005AE51B /* ForeachExemple.swift in Sources */,
				DE93DF552BFEBAE000F0E63C /* FavoriteCollection.swift in Sources */,
				DE27ACB02C0549B500387E27 /* DonePopUp.swift in Sources */,
				DEB721182BFBE995003E7150 /* MainButtons.swift in Sources */,
				DE9EBA4C2C042B1A00C8C648 /* CartCardCollection.swift in Sources */,
				DE93DF4F2BFE6C5A00F0E63C /* RoundButton.swift in Sources */,
				DED62BF32BF3E0CC005AE51B /* SceneDelegate.swift in Sources */,
				DED62C072BF40156005AE51B /* UserModel .swift in Sources */,
				DED62C0F2BF40541005AE51B /* CookieModel.swift in Sources */,
				DE93DF532BFE872500F0E63C /* DetailViewController.swift in Sources */,
				DE0F90872BF51FAA000F962A /* CookieCollection.swift in Sources */,
				DE91CE912BFEEE2E0045D369 /* CartCard.swift in Sources */,
				DE27ACAA2C05116100387E27 /* PixPopUp.swift in Sources */,
				DECD81912BFD335F0039B81E /* teste.swift in Sources */,
			);
			runOnlyForDeploymentPostprocessing = 0;
		};
/* End PBXSourcesBuildPhase section */

/* Begin PBXVariantGroup section */
		DED62BFB2BF3E0CD005AE51B /* LaunchScreen.storyboard */ = {
			isa = PBXVariantGroup;
			children = (
				DED62BFC2BF3E0CD005AE51B /* Base */,
			);
			name = LaunchScreen.storyboard;
			sourceTree = "<group>";
		};
/* End PBXVariantGroup section */

/* Begin XCBuildConfiguration section */
		DED62BFF2BF3E0CD005AE51B /* Debug */ = {
			isa = XCBuildConfiguration;
			buildSettings = {
				ALWAYS_SEARCH_USER_PATHS = NO;
				ASSETCATALOG_COMPILER_GENERATE_SWIFT_ASSET_SYMBOL_EXTENSIONS = YES;
				CLANG_ANALYZER_NONNULL = YES;
				CLANG_ANALYZER_NUMBER_OBJECT_CONVERSION = YES_AGGRESSIVE;
				CLANG_CXX_LANGUAGE_STANDARD = "gnu++20";
				CLANG_ENABLE_MODULES = YES;
				CLANG_ENABLE_OBJC_ARC = YES;
				CLANG_ENABLE_OBJC_WEAK = YES;
				CLANG_WARN_BLOCK_CAPTURE_AUTORELEASING = YES;
				CLANG_WARN_BOOL_CONVERSION = YES;
				CLANG_WARN_COMMA = YES;
				CLANG_WARN_CONSTANT_CONVERSION = YES;
				CLANG_WARN_DEPRECATED_OBJC_IMPLEMENTATIONS = YES;
				CLANG_WARN_DIRECT_OBJC_ISA_USAGE = YES_ERROR;
				CLANG_WARN_DOCUMENTATION_COMMENTS = YES;
				CLANG_WARN_EMPTY_BODY = YES;
				CLANG_WARN_ENUM_CONVERSION = YES;
				CLANG_WARN_INFINITE_RECURSION = YES;
				CLANG_WARN_INT_CONVERSION = YES;
				CLANG_WARN_NON_LITERAL_NULL_CONVERSION = YES;
				CLANG_WARN_OBJC_IMPLICIT_RETAIN_SELF = YES;
				CLANG_WARN_OBJC_LITERAL_CONVERSION = YES;
				CLANG_WARN_OBJC_ROOT_CLASS = YES_ERROR;
				CLANG_WARN_QUOTED_INCLUDE_IN_FRAMEWORK_HEADER = YES;
				CLANG_WARN_RANGE_LOOP_ANALYSIS = YES;
				CLANG_WARN_STRICT_PROTOTYPES = YES;
				CLANG_WARN_SUSPICIOUS_MOVE = YES;
				CLANG_WARN_UNGUARDED_AVAILABILITY = YES_AGGRESSIVE;
				CLANG_WARN_UNREACHABLE_CODE = YES;
				CLANG_WARN__DUPLICATE_METHOD_MATCH = YES;
				COPY_PHASE_STRIP = NO;
				DEBUG_INFORMATION_FORMAT = dwarf;
				ENABLE_STRICT_OBJC_MSGSEND = YES;
				ENABLE_TESTABILITY = YES;
				ENABLE_USER_SCRIPT_SANDBOXING = YES;
				GCC_C_LANGUAGE_STANDARD = gnu17;
				GCC_DYNAMIC_NO_PIC = NO;
				GCC_NO_COMMON_BLOCKS = YES;
				GCC_OPTIMIZATION_LEVEL = 0;
				GCC_PREPROCESSOR_DEFINITIONS = (
					"DEBUG=1",
					"$(inherited)",
				);
				GCC_WARN_64_TO_32_BIT_CONVERSION = YES;
				GCC_WARN_ABOUT_RETURN_TYPE = YES_ERROR;
				GCC_WARN_UNDECLARED_SELECTOR = YES;
				GCC_WARN_UNINITIALIZED_AUTOS = YES_AGGRESSIVE;
				GCC_WARN_UNUSED_FUNCTION = YES;
				GCC_WARN_UNUSED_VARIABLE = YES;
				IPHONEOS_DEPLOYMENT_TARGET = 17.5;
				LOCALIZATION_PREFERS_STRING_CATALOGS = YES;
				MTL_ENABLE_DEBUG_INFO = INCLUDE_SOURCE;
				MTL_FAST_MATH = YES;
				ONLY_ACTIVE_ARCH = YES;
				SDKROOT = iphoneos;
				SWIFT_ACTIVE_COMPILATION_CONDITIONS = "DEBUG $(inherited)";
				SWIFT_OPTIMIZATION_LEVEL = "-Onone";
			};
			name = Debug;
		};
		DED62C002BF3E0CD005AE51B /* Release */ = {
			isa = XCBuildConfiguration;
			buildSettings = {
				ALWAYS_SEARCH_USER_PATHS = NO;
				ASSETCATALOG_COMPILER_GENERATE_SWIFT_ASSET_SYMBOL_EXTENSIONS = YES;
				CLANG_ANALYZER_NONNULL = YES;
				CLANG_ANALYZER_NUMBER_OBJECT_CONVERSION = YES_AGGRESSIVE;
				CLANG_CXX_LANGUAGE_STANDARD = "gnu++20";
				CLANG_ENABLE_MODULES = YES;
				CLANG_ENABLE_OBJC_ARC = YES;
				CLANG_ENABLE_OBJC_WEAK = YES;
				CLANG_WARN_BLOCK_CAPTURE_AUTORELEASING = YES;
				CLANG_WARN_BOOL_CONVERSION = YES;
				CLANG_WARN_COMMA = YES;
				CLANG_WARN_CONSTANT_CONVERSION = YES;
				CLANG_WARN_DEPRECATED_OBJC_IMPLEMENTATIONS = YES;
				CLANG_WARN_DIRECT_OBJC_ISA_USAGE = YES_ERROR;
				CLANG_WARN_DOCUMENTATION_COMMENTS = YES;
				CLANG_WARN_EMPTY_BODY = YES;
				CLANG_WARN_ENUM_CONVERSION = YES;
				CLANG_WARN_INFINITE_RECURSION = YES;
				CLANG_WARN_INT_CONVERSION = YES;
				CLANG_WARN_NON_LITERAL_NULL_CONVERSION = YES;
				CLANG_WARN_OBJC_IMPLICIT_RETAIN_SELF = YES;
				CLANG_WARN_OBJC_LITERAL_CONVERSION = YES;
				CLANG_WARN_OBJC_ROOT_CLASS = YES_ERROR;
				CLANG_WARN_QUOTED_INCLUDE_IN_FRAMEWORK_HEADER = YES;
				CLANG_WARN_RANGE_LOOP_ANALYSIS = YES;
				CLANG_WARN_STRICT_PROTOTYPES = YES;
				CLANG_WARN_SUSPICIOUS_MOVE = YES;
				CLANG_WARN_UNGUARDED_AVAILABILITY = YES_AGGRESSIVE;
				CLANG_WARN_UNREACHABLE_CODE = YES;
				CLANG_WARN__DUPLICATE_METHOD_MATCH = YES;
				COPY_PHASE_STRIP = NO;
				DEBUG_INFORMATION_FORMAT = "dwarf-with-dsym";
				ENABLE_NS_ASSERTIONS = NO;
				ENABLE_STRICT_OBJC_MSGSEND = YES;
				ENABLE_USER_SCRIPT_SANDBOXING = YES;
				GCC_C_LANGUAGE_STANDARD = gnu17;
				GCC_NO_COMMON_BLOCKS = YES;
				GCC_WARN_64_TO_32_BIT_CONVERSION = YES;
				GCC_WARN_ABOUT_RETURN_TYPE = YES_ERROR;
				GCC_WARN_UNDECLARED_SELECTOR = YES;
				GCC_WARN_UNINITIALIZED_AUTOS = YES_AGGRESSIVE;
				GCC_WARN_UNUSED_FUNCTION = YES;
				GCC_WARN_UNUSED_VARIABLE = YES;
				IPHONEOS_DEPLOYMENT_TARGET = 17.5;
				LOCALIZATION_PREFERS_STRING_CATALOGS = YES;
				MTL_ENABLE_DEBUG_INFO = NO;
				MTL_FAST_MATH = YES;
				SDKROOT = iphoneos;
				SWIFT_COMPILATION_MODE = wholemodule;
				VALIDATE_PRODUCT = YES;
			};
			name = Release;
		};
		DED62C022BF3E0CD005AE51B /* Debug */ = {
			isa = XCBuildConfiguration;
			buildSettings = {
				ASSETCATALOG_COMPILER_APPICON_NAME = AppIcon;
				ASSETCATALOG_COMPILER_GLOBAL_ACCENT_COLOR_NAME = AccentColor;
				CODE_SIGN_STYLE = Automatic;
				CURRENT_PROJECT_VERSION = 1;
				DEVELOPMENT_TEAM = VB5FKSJKF2;
				GENERATE_INFOPLIST_FILE = YES;
				INFOPLIST_FILE = CookieByte/Info.plist;
				INFOPLIST_KEY_UIApplicationSupportsIndirectInputEvents = YES;
				INFOPLIST_KEY_UILaunchStoryboardName = LaunchScreen;
				INFOPLIST_KEY_UISupportedInterfaceOrientations_iPad = "UIInterfaceOrientationPortrait UIInterfaceOrientationPortraitUpsideDown UIInterfaceOrientationLandscapeLeft UIInterfaceOrientationLandscapeRight";
				INFOPLIST_KEY_UISupportedInterfaceOrientations_iPhone = "UIInterfaceOrientationPortrait UIInterfaceOrientationLandscapeLeft UIInterfaceOrientationLandscapeRight";
				LD_RUNPATH_SEARCH_PATHS = (
					"$(inherited)",
					"@executable_path/Frameworks",
				);
				MARKETING_VERSION = 1.0;
				PRODUCT_BUNDLE_IDENTIFIER = braganca.CookieByte;
				PRODUCT_NAME = "$(TARGET_NAME)";
				SWIFT_EMIT_LOC_STRINGS = YES;
				SWIFT_VERSION = 5.0;
				TARGETED_DEVICE_FAMILY = "1,2";
			};
			name = Debug;
		};
		DED62C032BF3E0CD005AE51B /* Release */ = {
			isa = XCBuildConfiguration;
			buildSettings = {
				ASSETCATALOG_COMPILER_APPICON_NAME = AppIcon;
				ASSETCATALOG_COMPILER_GLOBAL_ACCENT_COLOR_NAME = AccentColor;
				CODE_SIGN_STYLE = Automatic;
				CURRENT_PROJECT_VERSION = 1;
				DEVELOPMENT_TEAM = VB5FKSJKF2;
				GENERATE_INFOPLIST_FILE = YES;
				INFOPLIST_FILE = CookieByte/Info.plist;
				INFOPLIST_KEY_UIApplicationSupportsIndirectInputEvents = YES;
				INFOPLIST_KEY_UILaunchStoryboardName = LaunchScreen;
				INFOPLIST_KEY_UISupportedInterfaceOrientations_iPad = "UIInterfaceOrientationPortrait UIInterfaceOrientationPortraitUpsideDown UIInterfaceOrientationLandscapeLeft UIInterfaceOrientationLandscapeRight";
				INFOPLIST_KEY_UISupportedInterfaceOrientations_iPhone = "UIInterfaceOrientationPortrait UIInterfaceOrientationLandscapeLeft UIInterfaceOrientationLandscapeRight";
				LD_RUNPATH_SEARCH_PATHS = (
					"$(inherited)",
					"@executable_path/Frameworks",
				);
				MARKETING_VERSION = 1.0;
				PRODUCT_BUNDLE_IDENTIFIER = braganca.CookieByte;
				PRODUCT_NAME = "$(TARGET_NAME)";
				SWIFT_EMIT_LOC_STRINGS = YES;
				SWIFT_VERSION = 5.0;
				TARGETED_DEVICE_FAMILY = "1,2";
			};
			name = Release;
		};
/* End XCBuildConfiguration section */

/* Begin XCConfigurationList section */
		DED62BE82BF3E0CB005AE51B /* Build configuration list for PBXProject "CookieByte" */ = {
			isa = XCConfigurationList;
			buildConfigurations = (
				DED62BFF2BF3E0CD005AE51B /* Debug */,
				DED62C002BF3E0CD005AE51B /* Release */,
			);
			defaultConfigurationIsVisible = 0;
			defaultConfigurationName = Release;
		};
		DED62C012BF3E0CD005AE51B /* Build configuration list for PBXNativeTarget "CookieByte" */ = {
			isa = XCConfigurationList;
			buildConfigurations = (
				DED62C022BF3E0CD005AE51B /* Debug */,
				DED62C032BF3E0CD005AE51B /* Release */,
			);
			defaultConfigurationIsVisible = 0;
			defaultConfigurationName = Release;
		};
/* End XCConfigurationList section */
	};
	rootObject = DED62BE52BF3E0CB005AE51B /* Project object */;
}
